lockfileVersion: '9.0'

settings:
  autoInstallPeers: true
  excludeLinksFromLockfile: false

importers:

  .:
    dependencies:
      playwright:
        specifier: 1.49.1
        version: 1.49.1
    devDependencies:
      axe-core:
        specifier: 4.13.0
        version: 4.13.0

packages:

  axe-core@4.13.0:
    resolution: {integrity: sha512-UzGt8zg7Ny8djbYMhxl2zuEevVa7r2gJjYY5Lwr1xM7+XU2nd6CkIWFTVcCIbAP63vSz71NaVyyuSk9lHKcy0A==}
    engines: {node: '>=4'}

  fsevents@2.3.2:
    resolution: {integrity: sha512-xiqMQR4xAeHTuB9uWm+fFRcIOgKBMiOBP+eXiyT7jsgVCq1bkVygt00oASowB7EdtpOHaaPgKt812P9ab+DDKA==}
    engines: {node: ^8.16.0 || ^10.6.0 || >=11.0.0}
    os: [darwin]

  playwright-core@1.49.1:
    resolution: {integrity: sha512-BzmpVcs4kE2CH15rWfzpjzVGhWERJfmnXmniSyKeRZUs9Ws65m+RGIi7mjJK/euCegfn3i7jvqWeWyHe9y3Vgg==}
    engines: {node: '>=18'}
    hasBin: true

  playwright@1.49.1:
    resolution: {integrity: sha512-VYL8zLoNTBxVOrJBbDuRgDWa3i+mfQgDTrL8Ah9QXZ7ax4Dsj0MSq5bYgytRnDVVe+njoKnfsYkH3HzqVj5UZA==}
    engines: {node: '>=18'}
    hasBin: true

snapshots:

  axe-core@4.13.0: {}

  fsevents@2.3.2:
    optional: true

  playwright-core@1.49.1: {}

  playwright@1.49.1:
    dependencies:
      playwright-core: 1.49.1
    optionalDependencies:
      fsevents: 2.3.2
